// !$*UTF8*$!
{
	archiveVersion = 1;
	classes = {
	};
	objectVersion = 46;
	objects = {

/* Begin PBXAggregateTarget section */
		24416B8111C4CA220047AFDD /* Build & Test */ = {
			isa = PBXAggregateTarget;
			buildConfigurationList = 24416B8A11C4CA520047AFDD /* Build configuration list for PBXAggregateTarget "Build & Test" */;
			buildPhases = (
				24416B8011C4CA220047AFDD /* ShellScript */,
			);
			dependencies = (
				24416B8511C4CA280047AFDD /* PBXTargetDependency */,
			);
			name = "Build & Test";
			productName = "Build & test";
		};
/* End PBXAggregateTarget section */

/* Begin PBXBuildFile section */
		24DD6CF91134B3F500162E58 /* ComJoobmobileModule.h in Headers */ = {isa = PBXBuildFile; fileRef = 24DD6CF71134B3F500162E58 /* ComJoobmobileModule.h */; };
		24DD6CFA1134B3F500162E58 /* ComJoobmobileModule.m in Sources */ = {isa = PBXBuildFile; fileRef = 24DD6CF81134B3F500162E58 /* ComJoobmobileModule.m */; };
		24DE9E1111C5FE74003F90F6 /* ComJoobmobileModuleAssets.h in Headers */ = {isa = PBXBuildFile; fileRef = 24DE9E0F11C5FE74003F90F6 /* ComJoobmobileModuleAssets.h */; };
		24DE9E1211C5FE74003F90F6 /* ComJoobmobileModuleAssets.m in Sources */ = {isa = PBXBuildFile; fileRef = 24DE9E1011C5FE74003F90F6 /* ComJoobmobileModuleAssets.m */; };
		27C376C6147B880A00C59E12 /* ComJoobmobileJoobMobileProxy.h in Headers */ = {isa = PBXBuildFile; fileRef = 27C376C4147B880A00C59E12 /* ComJoobmobileJoobMobileProxy.h */; };
		27C376C7147B880A00C59E12 /* ComJoobmobileJoobMobileProxy.m in Sources */ = {isa = PBXBuildFile; fileRef = 27C376C5147B880A00C59E12 /* ComJoobmobileJoobMobileProxy.m */; };
		27C37711147B88D200C59E12 /* CoreData.framework in Frameworks */ = {isa = PBXBuildFile; fileRef = 27C3770E147B88D200C59E12 /* CoreData.framework */; };
		27C37712147B88D200C59E12 /* CoreLocation.framework in Frameworks */ = {isa = PBXBuildFile; fileRef = 27C3770F147B88D200C59E12 /* CoreLocation.framework */; };
		27C37713147B88D200C59E12 /* SystemConfiguration.framework in Frameworks */ = {isa = PBXBuildFile; fileRef = 27C37710147B88D200C59E12 /* SystemConfiguration.framework */; };
		27C3775E147B90F200C59E12 /* JoobMobile.a in Frameworks */ = {isa = PBXBuildFile; fileRef = 27C3775D147B90F200C59E12 /* JoobMobile.a */; };
		AA747D9F0F9514B9006C5449 /* ComJoobmobile_Prefix.pch in Headers */ = {isa = PBXBuildFile; fileRef = AA747D9E0F9514B9006C5449 /* ComJoobmobile_Prefix.pch */; };
		AACBBE4A0F95108600F1A2B1 /* Foundation.framework in Frameworks */ = {isa = PBXBuildFile; fileRef = AACBBE490F95108600F1A2B1 /* Foundation.framework */; };
		BCC5E0B4149810E2007FF982 /* JoobMobile.h in Headers */ = {isa = PBXBuildFile; fileRef = BCC5E092149810E2007FF982 /* JoobMobile.h */; };
		BCC5E0B5149810E2007FF982 /* JoobMobileAuthentication.h in Headers */ = {isa = PBXBuildFile; fileRef = BCC5E093149810E2007FF982 /* JoobMobileAuthentication.h */; };
		BCC5E0B6149810E2007FF982 /* JoobMobileAuthenticationDelegate.h in Headers */ = {isa = PBXBuildFile; fileRef = BCC5E094149810E2007FF982 /* JoobMobileAuthenticationDelegate.h */; };
		BCC5E0B7149810E2007FF982 /* JoobMobileAuthenticationUtils.h in Headers */ = {isa = PBXBuildFile; fileRef = BCC5E095149810E2007FF982 /* JoobMobileAuthenticationUtils.h */; };
		BCC5E0B8149810E2007FF982 /* JoobMobileBase64.h in Headers */ = {isa = PBXBuildFile; fileRef = BCC5E096149810E2007FF982 /* JoobMobileBase64.h */; };
		BCC5E0B9149810E2007FF982 /* JoobMobileConnection.h in Headers */ = {isa = PBXBuildFile; fileRef = BCC5E097149810E2007FF982 /* JoobMobileConnection.h */; };
		BCC5E0BA149810E2007FF982 /* JoobMobileConnectionDelegate.h in Headers */ = {isa = PBXBuildFile; fileRef = BCC5E098149810E2007FF982 /* JoobMobileConnectionDelegate.h */; };
		BCC5E0BB149810E2007FF982 /* JoobMobileDatabaseUtilities.h in Headers */ = {isa = PBXBuildFile; fileRef = BCC5E099149810E2007FF982 /* JoobMobileDatabaseUtilities.h */; };
		BCC5E0BC149810E2007FF982 /* JoobMobileDataItemUtilities.h in Headers */ = {isa = PBXBuildFile; fileRef = BCC5E09A149810E2007FF982 /* JoobMobileDataItemUtilities.h */; };
		BCC5E0BD149810E2007FF982 /* JoobMobileDataTank.h in Headers */ = {isa = PBXBuildFile; fileRef = BCC5E09B149810E2007FF982 /* JoobMobileDataTank.h */; };
		BCC5E0BE149810E2007FF982 /* JoobMobileFileUtilities.h in Headers */ = {isa = PBXBuildFile; fileRef = BCC5E09C149810E2007FF982 /* JoobMobileFileUtilities.h */; };
		BCC5E0BF149810E2007FF982 /* JoobMobileGeoManager.h in Headers */ = {isa = PBXBuildFile; fileRef = BCC5E09D149810E2007FF982 /* JoobMobileGeoManager.h */; };
		BCC5E0C0149810E2007FF982 /* JoobMobileHardware.h in Headers */ = {isa = PBXBuildFile; fileRef = BCC5E09E149810E2007FF982 /* JoobMobileHardware.h */; };
		BCC5E0C1149810E2007FF982 /* JoobMobileHttpResult.h in Headers */ = {isa = PBXBuildFile; fileRef = BCC5E09F149810E2007FF982 /* JoobMobileHttpResult.h */; };
		BCC5E0C2149810E2007FF982 /* JoobMobileMessage.h in Headers */ = {isa = PBXBuildFile; fileRef = BCC5E0A0149810E2007FF982 /* JoobMobileMessage.h */; };
		BCC5E0C3149810E2007FF982 /* JoobMobileMessageStore.h in Headers */ = {isa = PBXBuildFile; fileRef = BCC5E0A1149810E2007FF982 /* JoobMobileMessageStore.h */; };
		BCC5E0C4149810E2007FF982 /* JoobMobileMessageStoreDelegate.h in Headers */ = {isa = PBXBuildFile; fileRef = BCC5E0A2149810E2007FF982 /* JoobMobileMessageStoreDelegate.h */; };
		BCC5E0C5149810E2007FF982 /* JoobMobileParser.h in Headers */ = {isa = PBXBuildFile; fileRef = BCC5E0A3149810E2007FF982 /* JoobMobileParser.h */; };
		BCC5E0C6149810E2007FF982 /* JoobMobileParserDelegate.h in Headers */ = {isa = PBXBuildFile; fileRef = BCC5E0A4149810E2007FF982 /* JoobMobileParserDelegate.h */; };
		BCC5E0C7149810E2007FF982 /* JoobMobilePersistentMessage.h in Headers */ = {isa = PBXBuildFile; fileRef = BCC5E0A5149810E2007FF982 /* JoobMobilePersistentMessage.h */; };
		BCC5E0C8149810E2007FF982 /* JoobMobilePriorityQueue.h in Headers */ = {isa = PBXBuildFile; fileRef = BCC5E0A6149810E2007FF982 /* JoobMobilePriorityQueue.h */; };
		BCC5E0C9149810E2007FF982 /* JoobMobilePushNotificationManager.h in Headers */ = {isa = PBXBuildFile; fileRef = BCC5E0A7149810E2007FF982 /* JoobMobilePushNotificationManager.h */; };
		BCC5E0CA149810E2007FF982 /* JoobMobileQueue.h in Headers */ = {isa = PBXBuildFile; fileRef = BCC5E0A8149810E2007FF982 /* JoobMobileQueue.h */; };
		BCC5E0CB149810E2007FF982 /* JoobMobileQueueEntry.h in Headers */ = {isa = PBXBuildFile; fileRef = BCC5E0A9149810E2007FF982 /* JoobMobileQueueEntry.h */; };
		BCC5E0CC149810E2007FF982 /* JoobMobileReachability.h in Headers */ = {isa = PBXBuildFile; fileRef = BCC5E0AA149810E2007FF982 /* JoobMobileReachability.h */; };
		BCC5E0CD149810E2007FF982 /* JoobMobileSettings.h in Headers */ = {isa = PBXBuildFile; fileRef = BCC5E0AB149810E2007FF982 /* JoobMobileSettings.h */; };
		BCC5E0CE149810E2007FF982 /* JSON.h in Headers */ = {isa = PBXBuildFile; fileRef = BCC5E0AC149810E2007FF982 /* JSON.h */; };
		BCC5E0CF149810E2007FF982 /* NSObject+SBJSON.h in Headers */ = {isa = PBXBuildFile; fileRef = BCC5E0AD149810E2007FF982 /* NSObject+SBJSON.h */; };
		BCC5E0D0149810E2007FF982 /* NSString+SBJSON.h in Headers */ = {isa = PBXBuildFile; fileRef = BCC5E0AE149810E2007FF982 /* NSString+SBJSON.h */; };
		BCC5E0D1149810E2007FF982 /* Reachability.h in Headers */ = {isa = PBXBuildFile; fileRef = BCC5E0AF149810E2007FF982 /* Reachability.h */; };
		BCC5E0D2149810E2007FF982 /* ReachabilityAppDelegate.h in Headers */ = {isa = PBXBuildFile; fileRef = BCC5E0B0149810E2007FF982 /* ReachabilityAppDelegate.h */; };
		BCC5E0D3149810E2007FF982 /* SBJsonBase.h in Headers */ = {isa = PBXBuildFile; fileRef = BCC5E0B1149810E2007FF982 /* SBJsonBase.h */; };
		BCC5E0D4149810E2007FF982 /* SBJsonParser.h in Headers */ = {isa = PBXBuildFile; fileRef = BCC5E0B2149810E2007FF982 /* SBJsonParser.h */; };
		BCC5E0D5149810E2007FF982 /* SBJsonWriter.h in Headers */ = {isa = PBXBuildFile; fileRef = BCC5E0B3149810E2007FF982 /* SBJsonWriter.h */; };
/* End PBXBuildFile section */

/* Begin PBXContainerItemProxy section */
		24416B8411C4CA280047AFDD /* PBXContainerItemProxy */ = {
			isa = PBXContainerItemProxy;
			containerPortal = 0867D690FE84028FC02AAC07 /* Project object */;
			proxyType = 1;
			remoteGlobalIDString = D2AAC07D0554694100DB518D;
			remoteInfo = joobmobile;
		};
/* End PBXContainerItemProxy section */

/* Begin PBXFileReference section */
		24DD6CF71134B3F500162E58 /* ComJoobmobileModule.h */ = {isa = PBXFileReference; fileEncoding = 4; lastKnownFileType = sourcecode.c.h; name = ComJoobmobileModule.h; path = Classes/ComJoobmobileModule.h; sourceTree = "<group>"; };
		24DD6CF81134B3F500162E58 /* ComJoobmobileModule.m */ = {isa = PBXFileReference; fileEncoding = 4; lastKnownFileType = sourcecode.c.objc; name = ComJoobmobileModule.m; path = Classes/ComJoobmobileModule.m; sourceTree = "<group>"; };
		24DD6D1B1134B66800162E58 /* titanium.xcconfig */ = {isa = PBXFileReference; fileEncoding = 4; lastKnownFileType = text.xcconfig; path = titanium.xcconfig; sourceTree = "<group>"; };
		24DE9E0F11C5FE74003F90F6 /* ComJoobmobileModuleAssets.h */ = {isa = PBXFileReference; fileEncoding = 4; lastKnownFileType = sourcecode.c.h; name = ComJoobmobileModuleAssets.h; path = Classes/ComJoobmobileModuleAssets.h; sourceTree = "<group>"; };
		24DE9E1011C5FE74003F90F6 /* ComJoobmobileModuleAssets.m */ = {isa = PBXFileReference; fileEncoding = 4; lastKnownFileType = sourcecode.c.objc; name = ComJoobmobileModuleAssets.m; path = Classes/ComJoobmobileModuleAssets.m; sourceTree = "<group>"; };
		27C376C4147B880A00C59E12 /* ComJoobmobileJoobMobileProxy.h */ = {isa = PBXFileReference; fileEncoding = 4; lastKnownFileType = sourcecode.c.h; name = ComJoobmobileJoobMobileProxy.h; path = Classes/ComJoobmobileJoobMobileProxy.h; sourceTree = "<group>"; };
		27C376C5147B880A00C59E12 /* ComJoobmobileJoobMobileProxy.m */ = {isa = PBXFileReference; fileEncoding = 4; lastKnownFileType = sourcecode.c.objc; name = ComJoobmobileJoobMobileProxy.m; path = Classes/ComJoobmobileJoobMobileProxy.m; sourceTree = "<group>"; };
		27C3770E147B88D200C59E12 /* CoreData.framework */ = {isa = PBXFileReference; lastKnownFileType = wrapper.framework; name = CoreData.framework; path = /System/Library/Frameworks/CoreData.framework; sourceTree = "<absolute>"; };
		27C3770F147B88D200C59E12 /* CoreLocation.framework */ = {isa = PBXFileReference; lastKnownFileType = wrapper.framework; name = CoreLocation.framework; path = /System/Library/Frameworks/CoreLocation.framework; sourceTree = "<absolute>"; };
		27C37710147B88D200C59E12 /* SystemConfiguration.framework */ = {isa = PBXFileReference; lastKnownFileType = wrapper.framework; name = SystemConfiguration.framework; path = /System/Library/Frameworks/SystemConfiguration.framework; sourceTree = "<absolute>"; };
		27C3775D147B90F200C59E12 /* JoobMobile.a */ = {isa = PBXFileReference; lastKnownFileType = archive.ar; path = JoobMobile.a; sourceTree = "<group>"; };
		AA747D9E0F9514B9006C5449 /* ComJoobmobile_Prefix.pch */ = {isa = PBXFileReference; fileEncoding = 4; lastKnownFileType = sourcecode.c.h; path = ComJoobmobile_Prefix.pch; sourceTree = SOURCE_ROOT; };
		AACBBE490F95108600F1A2B1 /* Foundation.framework */ = {isa = PBXFileReference; lastKnownFileType = wrapper.framework; name = Foundation.framework; path = System/Library/Frameworks/Foundation.framework; sourceTree = SDKROOT; };
		BCC5E092149810E2007FF982 /* JoobMobile.h */ = {isa = PBXFileReference; fileEncoding = 4; lastKnownFileType = sourcecode.c.h; path = JoobMobile.h; sourceTree = "<group>"; };
		BCC5E093149810E2007FF982 /* JoobMobileAuthentication.h */ = {isa = PBXFileReference; fileEncoding = 4; lastKnownFileType = sourcecode.c.h; path = JoobMobileAuthentication.h; sourceTree = "<group>"; };
		BCC5E094149810E2007FF982 /* JoobMobileAuthenticationDelegate.h */ = {isa = PBXFileReference; fileEncoding = 4; lastKnownFileType = sourcecode.c.h; path = JoobMobileAuthenticationDelegate.h; sourceTree = "<group>"; };
		BCC5E095149810E2007FF982 /* JoobMobileAuthenticationUtils.h */ = {isa = PBXFileReference; fileEncoding = 4; lastKnownFileType = sourcecode.c.h; path = JoobMobileAuthenticationUtils.h; sourceTree = "<group>"; };
		BCC5E096149810E2007FF982 /* JoobMobileBase64.h */ = {isa = PBXFileReference; fileEncoding = 4; lastKnownFileType = sourcecode.c.h; path = JoobMobileBase64.h; sourceTree = "<group>"; };
		BCC5E097149810E2007FF982 /* JoobMobileConnection.h */ = {isa = PBXFileReference; fileEncoding = 4; lastKnownFileType = sourcecode.c.h; path = JoobMobileConnection.h; sourceTree = "<group>"; };
		BCC5E098149810E2007FF982 /* JoobMobileConnectionDelegate.h */ = {isa = PBXFileReference; fileEncoding = 4; lastKnownFileType = sourcecode.c.h; path = JoobMobileConnectionDelegate.h; sourceTree = "<group>"; };
		BCC5E099149810E2007FF982 /* JoobMobileDatabaseUtilities.h */ = {isa = PBXFileReference; fileEncoding = 4; lastKnownFileType = sourcecode.c.h; path = JoobMobileDatabaseUtilities.h; sourceTree = "<group>"; };
		BCC5E09A149810E2007FF982 /* JoobMobileDataItemUtilities.h */ = {isa = PBXFileReference; fileEncoding = 4; lastKnownFileType = sourcecode.c.h; path = JoobMobileDataItemUtilities.h; sourceTree = "<group>"; };
		BCC5E09B149810E2007FF982 /* JoobMobileDataTank.h */ = {isa = PBXFileReference; fileEncoding = 4; lastKnownFileType = sourcecode.c.h; path = JoobMobileDataTank.h; sourceTree = "<group>"; };
		BCC5E09C149810E2007FF982 /* JoobMobileFileUtilities.h */ = {isa = PBXFileReference; fileEncoding = 4; lastKnownFileType = sourcecode.c.h; path = JoobMobileFileUtilities.h; sourceTree = "<group>"; };
		BCC5E09D149810E2007FF982 /* JoobMobileGeoManager.h */ = {isa = PBXFileReference; fileEncoding = 4; lastKnownFileType = sourcecode.c.h; path = JoobMobileGeoManager.h; sourceTree = "<group>"; };
		BCC5E09E149810E2007FF982 /* JoobMobileHardware.h */ = {isa = PBXFileReference; fileEncoding = 4; lastKnownFileType = sourcecode.c.h; path = JoobMobileHardware.h; sourceTree = "<group>"; };
		BCC5E09F149810E2007FF982 /* JoobMobileHttpResult.h */ = {isa = PBXFileReference; fileEncoding = 4; lastKnownFileType = sourcecode.c.h; path = JoobMobileHttpResult.h; sourceTree = "<group>"; };
		BCC5E0A0149810E2007FF982 /* JoobMobileMessage.h */ = {isa = PBXFileReference; fileEncoding = 4; lastKnownFileType = sourcecode.c.h; path = JoobMobileMessage.h; sourceTree = "<group>"; };
		BCC5E0A1149810E2007FF982 /* JoobMobileMessageStore.h */ = {isa = PBXFileReference; fileEncoding = 4; lastKnownFileType = sourcecode.c.h; path = JoobMobileMessageStore.h; sourceTree = "<group>"; };
		BCC5E0A2149810E2007FF982 /* JoobMobileMessageStoreDelegate.h */ = {isa = PBXFileReference; fileEncoding = 4; lastKnownFileType = sourcecode.c.h; path = JoobMobileMessageStoreDelegate.h; sourceTree = "<group>"; };
		BCC5E0A3149810E2007FF982 /* JoobMobileParser.h */ = {isa = PBXFileReference; fileEncoding = 4; lastKnownFileType = sourcecode.c.h; path = JoobMobileParser.h; sourceTree = "<group>"; };
		BCC5E0A4149810E2007FF982 /* JoobMobileParserDelegate.h */ = {isa = PBXFileReference; fileEncoding = 4; lastKnownFileType = sourcecode.c.h; path = JoobMobileParserDelegate.h; sourceTree = "<group>"; };
		BCC5E0A5149810E2007FF982 /* JoobMobilePersistentMessage.h */ = {isa = PBXFileReference; fileEncoding = 4; lastKnownFileType = sourcecode.c.h; path = JoobMobilePersistentMessage.h; sourceTree = "<group>"; };
		BCC5E0A6149810E2007FF982 /* JoobMobilePriorityQueue.h */ = {isa = PBXFileReference; fileEncoding = 4; lastKnownFileType = sourcecode.c.h; path = JoobMobilePriorityQueue.h; sourceTree = "<group>"; };
		BCC5E0A7149810E2007FF982 /* JoobMobilePushNotificationManager.h */ = {isa = PBXFileReference; fileEncoding = 4; lastKnownFileType = sourcecode.c.h; path = JoobMobilePushNotificationManager.h; sourceTree = "<group>"; };
		BCC5E0A8149810E2007FF982 /* JoobMobileQueue.h */ = {isa = PBXFileReference; fileEncoding = 4; lastKnownFileType = sourcecode.c.h; path = JoobMobileQueue.h; sourceTree = "<group>"; };
		BCC5E0A9149810E2007FF982 /* JoobMobileQueueEntry.h */ = {isa = PBXFileReference; fileEncoding = 4; lastKnownFileType = sourcecode.c.h; path = JoobMobileQueueEntry.h; sourceTree = "<group>"; };
		BCC5E0AA149810E2007FF982 /* JoobMobileReachability.h */ = {isa = PBXFileReference; fileEncoding = 4; lastKnownFileType = sourcecode.c.h; path = JoobMobileReachability.h; sourceTree = "<group>"; };
		BCC5E0AB149810E2007FF982 /* JoobMobileSettings.h */ = {isa = PBXFileReference; fileEncoding = 4; lastKnownFileType = sourcecode.c.h; path = JoobMobileSettings.h; sourceTree = "<group>"; };
		BCC5E0AC149810E2007FF982 /* JSON.h */ = {isa = PBXFileReference; fileEncoding = 4; lastKnownFileType = sourcecode.c.h; path = JSON.h; sourceTree = "<group>"; };
		BCC5E0AD149810E2007FF982 /* NSObject+SBJSON.h */ = {isa = PBXFileReference; fileEncoding = 4; lastKnownFileType = sourcecode.c.h; path = "NSObject+SBJSON.h"; sourceTree = "<group>"; };
		BCC5E0AE149810E2007FF982 /* NSString+SBJSON.h */ = {isa = PBXFileReference; fileEncoding = 4; lastKnownFileType = sourcecode.c.h; path = "NSString+SBJSON.h"; sourceTree = "<group>"; };
		BCC5E0AF149810E2007FF982 /* Reachability.h */ = {isa = PBXFileReference; fileEncoding = 4; lastKnownFileType = sourcecode.c.h; path = Reachability.h; sourceTree = "<group>"; };
		BCC5E0B0149810E2007FF982 /* ReachabilityAppDelegate.h */ = {isa = PBXFileReference; fileEncoding = 4; lastKnownFileType = sourcecode.c.h; path = ReachabilityAppDelegate.h; sourceTree = "<group>"; };
		BCC5E0B1149810E2007FF982 /* SBJsonBase.h */ = {isa = PBXFileReference; fileEncoding = 4; lastKnownFileType = sourcecode.c.h; path = SBJsonBase.h; sourceTree = "<group>"; };
		BCC5E0B2149810E2007FF982 /* SBJsonParser.h */ = {isa = PBXFileReference; fileEncoding = 4; lastKnownFileType = sourcecode.c.h; path = SBJsonParser.h; sourceTree = "<group>"; };
		BCC5E0B3149810E2007FF982 /* SBJsonWriter.h */ = {isa = PBXFileReference; fileEncoding = 4; lastKnownFileType = sourcecode.c.h; path = SBJsonWriter.h; sourceTree = "<group>"; };
		D2AAC07E0554694100DB518D /* libComJoobmobile.a */ = {isa = PBXFileReference; explicitFileType = archive.ar; includeInIndex = 0; path = libComJoobmobile.a; sourceTree = BUILT_PRODUCTS_DIR; };
/* End PBXFileReference section */

/* Begin PBXFrameworksBuildPhase section */
		D2AAC07C0554694100DB518D /* Frameworks */ = {
			isa = PBXFrameworksBuildPhase;
			buildActionMask = 2147483647;
			files = (
				27C3775E147B90F200C59E12 /* JoobMobile.a in Frameworks */,
				27C37711147B88D200C59E12 /* CoreData.framework in Frameworks */,
				27C37712147B88D200C59E12 /* CoreLocation.framework in Frameworks */,
				27C37713147B88D200C59E12 /* SystemConfiguration.framework in Frameworks */,
				AACBBE4A0F95108600F1A2B1 /* Foundation.framework in Frameworks */,
			);
			runOnlyForDeploymentPostprocessing = 0;
		};
/* End PBXFrameworksBuildPhase section */

/* Begin PBXGroup section */
		034768DFFF38A50411DB9C8B /* Products */ = {
			isa = PBXGroup;
			children = (
				D2AAC07E0554694100DB518D /* libComJoobmobile.a */,
			);
			name = Products;
			sourceTree = "<group>";
		};
		0867D691FE84028FC02AAC07 /* joobmobile */ = {
			isa = PBXGroup;
			children = (
				27C3775D147B90F200C59E12 /* JoobMobile.a */,
				27C37718147B90CF00C59E12 /* Headers */,
				08FB77AEFE84172EC02AAC07 /* Classes */,
				32C88DFF0371C24200C91783 /* Other Sources */,
				0867D69AFE84028FC02AAC07 /* Frameworks */,
				034768DFFF38A50411DB9C8B /* Products */,
			);
			name = joobmobile;
			sourceTree = "<group>";
		};
		0867D69AFE84028FC02AAC07 /* Frameworks */ = {
			isa = PBXGroup;
			children = (
				27C3770E147B88D200C59E12 /* CoreData.framework */,
				27C3770F147B88D200C59E12 /* CoreLocation.framework */,
				27C37710147B88D200C59E12 /* SystemConfiguration.framework */,
				AACBBE490F95108600F1A2B1 /* Foundation.framework */,
			);
			name = Frameworks;
			sourceTree = "<group>";
		};
		08FB77AEFE84172EC02AAC07 /* Classes */ = {
			isa = PBXGroup;
			children = (
				24DE9E0F11C5FE74003F90F6 /* ComJoobmobileModuleAssets.h */,
				24DE9E1011C5FE74003F90F6 /* ComJoobmobileModuleAssets.m */,
				24DD6CF71134B3F500162E58 /* ComJoobmobileModule.h */,
				24DD6CF81134B3F500162E58 /* ComJoobmobileModule.m */,
				27C376C4147B880A00C59E12 /* ComJoobmobileJoobMobileProxy.h */,
				27C376C5147B880A00C59E12 /* ComJoobmobileJoobMobileProxy.m */,
			);
			name = Classes;
			sourceTree = "<group>";
		};
		27C37718147B90CF00C59E12 /* Headers */ = {
			isa = PBXGroup;
			children = (
				BCC5E092149810E2007FF982 /* JoobMobile.h */,
				BCC5E093149810E2007FF982 /* JoobMobileAuthentication.h */,
				BCC5E094149810E2007FF982 /* JoobMobileAuthenticationDelegate.h */,
				BCC5E095149810E2007FF982 /* JoobMobileAuthenticationUtils.h */,
				BCC5E096149810E2007FF982 /* JoobMobileBase64.h */,
				BCC5E097149810E2007FF982 /* JoobMobileConnection.h */,
				BCC5E098149810E2007FF982 /* JoobMobileConnectionDelegate.h */,
				BCC5E099149810E2007FF982 /* JoobMobileDatabaseUtilities.h */,
				BCC5E09A149810E2007FF982 /* JoobMobileDataItemUtilities.h */,
				BCC5E09B149810E2007FF982 /* JoobMobileDataTank.h */,
				BCC5E09C149810E2007FF982 /* JoobMobileFileUtilities.h */,
				BCC5E09D149810E2007FF982 /* JoobMobileGeoManager.h */,
				BCC5E09E149810E2007FF982 /* JoobMobileHardware.h */,
				BCC5E09F149810E2007FF982 /* JoobMobileHttpResult.h */,
				BCC5E0A0149810E2007FF982 /* JoobMobileMessage.h */,
				BCC5E0A1149810E2007FF982 /* JoobMobileMessageStore.h */,
				BCC5E0A2149810E2007FF982 /* JoobMobileMessageStoreDelegate.h */,
				BCC5E0A3149810E2007FF982 /* JoobMobileParser.h */,
				BCC5E0A4149810E2007FF982 /* JoobMobileParserDelegate.h */,
				BCC5E0A5149810E2007FF982 /* JoobMobilePersistentMessage.h */,
				BCC5E0A6149810E2007FF982 /* JoobMobilePriorityQueue.h */,
				BCC5E0A7149810E2007FF982 /* JoobMobilePushNotificationManager.h */,
				BCC5E0A8149810E2007FF982 /* JoobMobileQueue.h */,
				BCC5E0A9149810E2007FF982 /* JoobMobileQueueEntry.h */,
				BCC5E0AA149810E2007FF982 /* JoobMobileReachability.h */,
				BCC5E0AB149810E2007FF982 /* JoobMobileSettings.h */,
				BCC5E0AC149810E2007FF982 /* JSON.h */,
				BCC5E0AD149810E2007FF982 /* NSObject+SBJSON.h */,
				BCC5E0AE149810E2007FF982 /* NSString+SBJSON.h */,
				BCC5E0AF149810E2007FF982 /* Reachability.h */,
				BCC5E0B0149810E2007FF982 /* ReachabilityAppDelegate.h */,
				BCC5E0B1149810E2007FF982 /* SBJsonBase.h */,
				BCC5E0B2149810E2007FF982 /* SBJsonParser.h */,
				BCC5E0B3149810E2007FF982 /* SBJsonWriter.h */,
			);
			path = Headers;
			sourceTree = "<group>";
		};
		32C88DFF0371C24200C91783 /* Other Sources */ = {
			isa = PBXGroup;
			children = (
				AA747D9E0F9514B9006C5449 /* ComJoobmobile_Prefix.pch */,
				24DD6D1B1134B66800162E58 /* titanium.xcconfig */,
			);
			name = "Other Sources";
			sourceTree = "<group>";
		};
/* End PBXGroup section */

/* Begin PBXHeadersBuildPhase section */
		D2AAC07A0554694100DB518D /* Headers */ = {
			isa = PBXHeadersBuildPhase;
			buildActionMask = 2147483647;
			files = (
				AA747D9F0F9514B9006C5449 /* ComJoobmobile_Prefix.pch in Headers */,
				24DD6CF91134B3F500162E58 /* ComJoobmobileModule.h in Headers */,
				24DE9E1111C5FE74003F90F6 /* ComJoobmobileModuleAssets.h in Headers */,
				27C376C6147B880A00C59E12 /* ComJoobmobileJoobMobileProxy.h in Headers */,
				BCC5E0B4149810E2007FF982 /* JoobMobile.h in Headers */,
				BCC5E0B5149810E2007FF982 /* JoobMobileAuthentication.h in Headers */,
				BCC5E0B6149810E2007FF982 /* JoobMobileAuthenticationDelegate.h in Headers */,
				BCC5E0B7149810E2007FF982 /* JoobMobileAuthenticationUtils.h in Headers */,
				BCC5E0B8149810E2007FF982 /* JoobMobileBase64.h in Headers */,
				BCC5E0B9149810E2007FF982 /* JoobMobileConnection.h in Headers */,
				BCC5E0BA149810E2007FF982 /* JoobMobileConnectionDelegate.h in Headers */,
				BCC5E0BB149810E2007FF982 /* JoobMobileDatabaseUtilities.h in Headers */,
				BCC5E0BC149810E2007FF982 /* JoobMobileDataItemUtilities.h in Headers */,
				BCC5E0BD149810E2007FF982 /* JoobMobileDataTank.h in Headers */,
				BCC5E0BE149810E2007FF982 /* JoobMobileFileUtilities.h in Headers */,
				BCC5E0BF149810E2007FF982 /* JoobMobileGeoManager.h in Headers */,
				BCC5E0C0149810E2007FF982 /* JoobMobileHardware.h in Headers */,
				BCC5E0C1149810E2007FF982 /* JoobMobileHttpResult.h in Headers */,
				BCC5E0C2149810E2007FF982 /* JoobMobileMessage.h in Headers */,
				BCC5E0C3149810E2007FF982 /* JoobMobileMessageStore.h in Headers */,
				BCC5E0C4149810E2007FF982 /* JoobMobileMessageStoreDelegate.h in Headers */,
				BCC5E0C5149810E2007FF982 /* JoobMobileParser.h in Headers */,
				BCC5E0C6149810E2007FF982 /* JoobMobileParserDelegate.h in Headers */,
				BCC5E0C7149810E2007FF982 /* JoobMobilePersistentMessage.h in Headers */,
				BCC5E0C8149810E2007FF982 /* JoobMobilePriorityQueue.h in Headers */,
				BCC5E0C9149810E2007FF982 /* JoobMobilePushNotificationManager.h in Headers */,
				BCC5E0CA149810E2007FF982 /* JoobMobileQueue.h in Headers */,
				BCC5E0CB149810E2007FF982 /* JoobMobileQueueEntry.h in Headers */,
				BCC5E0CC149810E2007FF982 /* JoobMobileReachability.h in Headers */,
				BCC5E0CD149810E2007FF982 /* JoobMobileSettings.h in Headers */,
				BCC5E0CE149810E2007FF982 /* JSON.h in Headers */,
				BCC5E0CF149810E2007FF982 /* NSObject+SBJSON.h in Headers */,
				BCC5E0D0149810E2007FF982 /* NSString+SBJSON.h in Headers */,
				BCC5E0D1149810E2007FF982 /* Reachability.h in Headers */,
				BCC5E0D2149810E2007FF982 /* ReachabilityAppDelegate.h in Headers */,
				BCC5E0D3149810E2007FF982 /* SBJsonBase.h in Headers */,
				BCC5E0D4149810E2007FF982 /* SBJsonParser.h in Headers */,
				BCC5E0D5149810E2007FF982 /* SBJsonWriter.h in Headers */,
			);
			runOnlyForDeploymentPostprocessing = 0;
		};
/* End PBXHeadersBuildPhase section */

/* Begin PBXNativeTarget section */
		D2AAC07D0554694100DB518D /* joobmobile */ = {
			isa = PBXNativeTarget;
			buildConfigurationList = 1DEB921E08733DC00010E9CD /* Build configuration list for PBXNativeTarget "joobmobile" */;
			buildPhases = (
				D2AAC07A0554694100DB518D /* Headers */,
				D2AAC07B0554694100DB518D /* Sources */,
				D2AAC07C0554694100DB518D /* Frameworks */,
			);
			buildRules = (
			);
			dependencies = (
			);
			name = joobmobile;
			productName = joobmobile;
			productReference = D2AAC07E0554694100DB518D /* libComJoobmobile.a */;
			productType = "com.apple.product-type.library.static";
		};
/* End PBXNativeTarget section */

/* Begin PBXProject section */
		0867D690FE84028FC02AAC07 /* Project object */ = {
			isa = PBXProject;
			attributes = {
				LastUpgradeCheck = 0430;
			};
			buildConfigurationList = 1DEB922208733DC00010E9CD /* Build configuration list for PBXProject "joobmobile" */;
			compatibilityVersion = "Xcode 3.2";
			developmentRegion = English;
			hasScannedForEncodings = 1;
			knownRegions = (
				English,
				Japanese,
				French,
				German,
			);
			mainGroup = 0867D691FE84028FC02AAC07 /* joobmobile */;
			productRefGroup = 034768DFFF38A50411DB9C8B /* Products */;
			projectDirPath = "";
			projectRoot = "";
			targets = (
				D2AAC07D0554694100DB518D /* joobmobile */,
				24416B8111C4CA220047AFDD /* Build & Test */,
			);
		};
/* End PBXProject section */

/* Begin PBXShellScriptBuildPhase section */
		24416B8011C4CA220047AFDD /* ShellScript */ = {
			isa = PBXShellScriptBuildPhase;
			buildActionMask = 2147483647;
			files = (
			);
			inputPaths = (
			);
			outputPaths = (
			);
			runOnlyForDeploymentPostprocessing = 0;
			shellPath = /bin/sh;
			shellScript = "# shell script goes here\n\npython \"${TITANIUM_SDK}/titanium.py\" run --dir=\"${PROJECT_DIR}\"\nexit $?\n";
		};
/* End PBXShellScriptBuildPhase section */

/* Begin PBXSourcesBuildPhase section */
		D2AAC07B0554694100DB518D /* Sources */ = {
			isa = PBXSourcesBuildPhase;
			buildActionMask = 2147483647;
			files = (
				24DD6CFA1134B3F500162E58 /* ComJoobmobileModule.m in Sources */,
				24DE9E1211C5FE74003F90F6 /* ComJoobmobileModuleAssets.m in Sources */,
				27C376C7147B880A00C59E12 /* ComJoobmobileJoobMobileProxy.m in Sources */,
			);
			runOnlyForDeploymentPostprocessing = 0;
		};
/* End PBXSourcesBuildPhase section */

/* Begin PBXTargetDependency section */
		24416B8511C4CA280047AFDD /* PBXTargetDependency */ = {
			isa = PBXTargetDependency;
			target = D2AAC07D0554694100DB518D /* joobmobile */;
			targetProxy = 24416B8411C4CA280047AFDD /* PBXContainerItemProxy */;
		};
/* End PBXTargetDependency section */

/* Begin XCBuildConfiguration section */
		1DEB921F08733DC00010E9CD /* Debug */ = {
			isa = XCBuildConfiguration;
			baseConfigurationReference = 24DD6D1B1134B66800162E58 /* titanium.xcconfig */;
			buildSettings = {
				ALWAYS_SEARCH_USER_PATHS = NO;
				ARCHS = "$(ARCHS_STANDARD_32_BIT)";
				COPY_PHASE_STRIP = NO;
				DSTROOT = /tmp/ComJoobmobile.dst;
				FRAMEWORK_SEARCH_PATHS = (
					"$(inherited)",
					"\"$(SRCROOT)/../../../Documents/Source/AppceleratorModule copy\"",
				);
				GCC_DYNAMIC_NO_PIC = NO;
				GCC_MODEL_TUNING = G5;
				GCC_OPTIMIZATION_LEVEL = 0;
				GCC_PRECOMPILE_PREFIX_HEADER = YES;
				GCC_PREFIX_HEADER = ComJoobmobile_Prefix.pch;
				GCC_VERSION = com.apple.compilers.llvm.clang.1_0;
				INSTALL_PATH = /usr/local/lib;
				LIBRARY_SEARCH_PATHS = (
					"$(inherited)",
					"\"$(SRCROOT)\"",
				);
				PRODUCT_NAME = ComJoobmobile;
				SDKROOT = iphoneos;
			};
			name = Debug;
		};
		1DEB922008733DC00010E9CD /* Release */ = {
			isa = XCBuildConfiguration;
			baseConfigurationReference = 24DD6D1B1134B66800162E58 /* titanium.xcconfig */;
			buildSettings = {
				ALWAYS_SEARCH_USER_PATHS = NO;
				ARCHS = "$(ARCHS_STANDARD_32_BIT)";
				DSTROOT = /tmp/ComJoobmobile.dst;
				FRAMEWORK_SEARCH_PATHS = (
					"$(inherited)",
					"\"$(SRCROOT)/../../../Documents/Source/AppceleratorModule copy\"",
				);
				GCC_MODEL_TUNING = G5;
				GCC_PRECOMPILE_PREFIX_HEADER = YES;
				GCC_PREFIX_HEADER = ComJoobmobile_Prefix.pch;
				GCC_VERSION = com.apple.compilers.llvm.clang.1_0;
				INSTALL_PATH = /usr/local/lib;
				LIBRARY_SEARCH_PATHS = (
					"$(inherited)",
					"\"$(SRCROOT)\"",
				);
				PRODUCT_NAME = ComJoobmobile;
				SDKROOT = iphoneos;
			};
			name = Release;
		};
		1DEB922308733DC00010E9CD /* Debug */ = {
			isa = XCBuildConfiguration;
			baseConfigurationReference = 24DD6D1B1134B66800162E58 /* titanium.xcconfig */;
			buildSettings = {
				ARCHS = "$(ARCHS_STANDARD_32_BIT)";
				GCC_C_LANGUAGE_STANDARD = c99;
				GCC_OPTIMIZATION_LEVEL = 0;
				GCC_WARN_ABOUT_RETURN_TYPE = YES;
				GCC_WARN_UNUSED_VARIABLE = YES;
				IPHONEOS_DEPLOYMENT_TARGET = 4.3;
				OTHER_LDFLAGS = "";
				SDKROOT = iphoneos;
			};
			name = Debug;
		};
		1DEB922408733DC00010E9CD /* Release */ = {
			isa = XCBuildConfiguration;
			baseConfigurationReference = 24DD6D1B1134B66800162E58 /* titanium.xcconfig */;
			buildSettings = {
				ARCHS = "$(ARCHS_STANDARD_32_BIT)";
				GCC_C_LANGUAGE_STANDARD = c99;
				GCC_WARN_ABOUT_RETURN_TYPE = YES;
				GCC_WARN_UNUSED_VARIABLE = YES;
				IPHONEOS_DEPLOYMENT_TARGET = 4.3;
				OTHER_LDFLAGS = "";
				SDKROOT = iphoneos;
			};
			name = Release;
		};
		24416B8211C4CA220047AFDD /* Debug */ = {
			isa = XCBuildConfiguration;
			baseConfigurationReference = 24DD6D1B1134B66800162E58 /* titanium.xcconfig */;
			buildSettings = {
				COPY_PHASE_STRIP = NO;
				GCC_DYNAMIC_NO_PIC = NO;
				GCC_OPTIMIZATION_LEVEL = 0;
				GCC_VERSION = com.apple.compilers.llvm.clang.1_0;
				PRODUCT_NAME = "Build & test";
			};
			name = Debug;
		};
		24416B8311C4CA220047AFDD /* Release */ = {
			isa = XCBuildConfiguration;
			baseConfigurationReference = 24DD6D1B1134B66800162E58 /* titanium.xcconfig */;
			buildSettings = {
				COPY_PHASE_STRIP = YES;
				DEBUG_INFORMATION_FORMAT = "dwarf-with-dsym";
				GCC_VERSION = com.apple.compilers.llvm.clang.1_0;
				PRODUCT_NAME = "Build & test";
				ZERO_LINK = NO;
			};
			name = Release;
		};
/* End XCBuildConfiguration section */

/* Begin XCConfigurationList section */
		1DEB921E08733DC00010E9CD /* Build configuration list for PBXNativeTarget "joobmobile" */ = {
			isa = XCConfigurationList;
			buildConfigurations = (
				1DEB921F08733DC00010E9CD /* Debug */,
				1DEB922008733DC00010E9CD /* Release */,
			);
			defaultConfigurationIsVisible = 0;
			defaultConfigurationName = Release;
		};
		1DEB922208733DC00010E9CD /* Build configuration list for PBXProject "joobmobile" */ = {
			isa = XCConfigurationList;
			buildConfigurations = (
				1DEB922308733DC00010E9CD /* Debug */,
				1DEB922408733DC00010E9CD /* Release */,
			);
			defaultConfigurationIsVisible = 0;
			defaultConfigurationName = Release;
		};
		24416B8A11C4CA520047AFDD /* Build configuration list for PBXAggregateTarget "Build & Test" */ = {
			isa = XCConfigurationList;
			buildConfigurations = (
				24416B8211C4CA220047AFDD /* Debug */,
				24416B8311C4CA220047AFDD /* Release */,
			);
			defaultConfigurationIsVisible = 0;
			defaultConfigurationName = Release;
		};
/* End XCConfigurationList section */
	};
	rootObject = 0867D690FE84028FC02AAC07 /* Project object */;
}
