// !$*UTF8*$!
{
	archiveVersion = 1;
	classes = {
	};
	objectVersion = 45;
	objects = {

/* Begin PBXAggregateTarget section */
		24416B8111C4CA220047AFDD /* Build & Test */ = {
			isa = PBXAggregateTarget;
			buildConfigurationList = 24416B8A11C4CA520047AFDD /* Build configuration list for PBXAggregateTarget "Build & Test" */;
			buildPhases = (
				24416B8011C4CA220047AFDD /* ShellScript */,
			);
			dependencies = (
				24416B8511C4CA280047AFDD /* PBXTargetDependency */,
			);
			name = "Build & Test";
			productName = "Build & test";
		};
/* End PBXAggregateTarget section */

/* Begin PBXBuildFile section */
		24DD6CF91134B3F500162E58 /* ComJadesoftwareJoobMobileModule.h in Headers */ = {isa = PBXBuildFile; fileRef = 24DD6CF71134B3F500162E58 /* ComJadesoftwareJoobMobileModule.h */; };
		24DD6CFA1134B3F500162E58 /* ComJadesoftwareJoobMobileModule.m in Sources */ = {isa = PBXBuildFile; fileRef = 24DD6CF81134B3F500162E58 /* ComJadesoftwareJoobMobileModule.m */; };
		24DE9E1111C5FE74003F90F6 /* ComJadesoftwareJoobMobileModuleAssets.h in Headers */ = {isa = PBXBuildFile; fileRef = 24DE9E0F11C5FE74003F90F6 /* ComJadesoftwareJoobMobileModuleAssets.h */; };
		24DE9E1211C5FE74003F90F6 /* ComJadesoftwareJoobMobileModuleAssets.m in Sources */ = {isa = PBXBuildFile; fileRef = 24DE9E1011C5FE74003F90F6 /* ComJadesoftwareJoobMobileModuleAssets.m */; };
		AA747D9F0F9514B9006C5449 /* ComJadesoftwareJoobMobile_Prefix.pch in Headers */ = {isa = PBXBuildFile; fileRef = AA747D9E0F9514B9006C5449 /* ComJadesoftwareJoobMobile_Prefix.pch */; };
		AACBBE4A0F95108600F1A2B1 /* Foundation.framework in Frameworks */ = {isa = PBXBuildFile; fileRef = AACBBE490F95108600F1A2B1 /* Foundation.framework */; };
		BC2C9E4B1738E8E900C43CCC /* ISO8601DateFormatter.h in Headers */ = {isa = PBXBuildFile; fileRef = BC2C9E231738E8E900C43CCC /* ISO8601DateFormatter.h */; };
		BC2C9E4C1738E8E900C43CCC /* JoobMobile.h in Headers */ = {isa = PBXBuildFile; fileRef = BC2C9E241738E8E900C43CCC /* JoobMobile.h */; };
		BC2C9E4D1738E8E900C43CCC /* JoobMobileAuthentication.h in Headers */ = {isa = PBXBuildFile; fileRef = BC2C9E251738E8E900C43CCC /* JoobMobileAuthentication.h */; };
		BC2C9E4E1738E8E900C43CCC /* JoobMobileAuthenticationDelegate.h in Headers */ = {isa = PBXBuildFile; fileRef = BC2C9E261738E8E900C43CCC /* JoobMobileAuthenticationDelegate.h */; };
		BC2C9E4F1738E8E900C43CCC /* JoobMobileAuthenticationUtils.h in Headers */ = {isa = PBXBuildFile; fileRef = BC2C9E271738E8E900C43CCC /* JoobMobileAuthenticationUtils.h */; };
		BC2C9E501738E8E900C43CCC /* JoobMobileBase64.h in Headers */ = {isa = PBXBuildFile; fileRef = BC2C9E281738E8E900C43CCC /* JoobMobileBase64.h */; };
		BC2C9E511738E8E900C43CCC /* JoobMobileConnection.h in Headers */ = {isa = PBXBuildFile; fileRef = BC2C9E291738E8E900C43CCC /* JoobMobileConnection.h */; };
		BC2C9E521738E8E900C43CCC /* JoobMobileConnectionDelegate.h in Headers */ = {isa = PBXBuildFile; fileRef = BC2C9E2A1738E8E900C43CCC /* JoobMobileConnectionDelegate.h */; };
		BC2C9E531738E8E900C43CCC /* JoobMobileConstants.h in Headers */ = {isa = PBXBuildFile; fileRef = BC2C9E2B1738E8E900C43CCC /* JoobMobileConstants.h */; };
		BC2C9E541738E8E900C43CCC /* JoobMobileCryptoHelper.h in Headers */ = {isa = PBXBuildFile; fileRef = BC2C9E2C1738E8E900C43CCC /* JoobMobileCryptoHelper.h */; };
		BC2C9E551738E8E900C43CCC /* JoobMobileDatabaseUtilities.h in Headers */ = {isa = PBXBuildFile; fileRef = BC2C9E2D1738E8E900C43CCC /* JoobMobileDatabaseUtilities.h */; };
		BC2C9E561738E8E900C43CCC /* JoobMobileDataItemUtilities.h in Headers */ = {isa = PBXBuildFile; fileRef = BC2C9E2E1738E8E900C43CCC /* JoobMobileDataItemUtilities.h */; };
		BC2C9E571738E8E900C43CCC /* JoobMobileDataTank.h in Headers */ = {isa = PBXBuildFile; fileRef = BC2C9E2F1738E8E900C43CCC /* JoobMobileDataTank.h */; };
		BC2C9E581738E8E900C43CCC /* JoobMobileEvent.h in Headers */ = {isa = PBXBuildFile; fileRef = BC2C9E301738E8E900C43CCC /* JoobMobileEvent.h */; };
		BC2C9E591738E8E900C43CCC /* JoobMobileEventDispatcher.h in Headers */ = {isa = PBXBuildFile; fileRef = BC2C9E311738E8E900C43CCC /* JoobMobileEventDispatcher.h */; };
		BC2C9E5A1738E8E900C43CCC /* JoobMobileFactory.h in Headers */ = {isa = PBXBuildFile; fileRef = BC2C9E321738E8E900C43CCC /* JoobMobileFactory.h */; };
		BC2C9E5B1738E8E900C43CCC /* JoobMobileFileUtilities.h in Headers */ = {isa = PBXBuildFile; fileRef = BC2C9E331738E8E900C43CCC /* JoobMobileFileUtilities.h */; };
		BC2C9E5C1738E8E900C43CCC /* JoobMobileGeoManager.h in Headers */ = {isa = PBXBuildFile; fileRef = BC2C9E341738E8E900C43CCC /* JoobMobileGeoManager.h */; };
		BC2C9E5D1738E8E900C43CCC /* JoobMobileHardware.h in Headers */ = {isa = PBXBuildFile; fileRef = BC2C9E351738E8E900C43CCC /* JoobMobileHardware.h */; };
		BC2C9E5E1738E8E900C43CCC /* JoobMobileHttpResult.h in Headers */ = {isa = PBXBuildFile; fileRef = BC2C9E361738E8E900C43CCC /* JoobMobileHttpResult.h */; };
		BC2C9E5F1738E8E900C43CCC /* JoobMobileMessage.h in Headers */ = {isa = PBXBuildFile; fileRef = BC2C9E371738E8E900C43CCC /* JoobMobileMessage.h */; };
		BC2C9E601738E8E900C43CCC /* JoobMobileMessageStore.h in Headers */ = {isa = PBXBuildFile; fileRef = BC2C9E381738E8E900C43CCC /* JoobMobileMessageStore.h */; };
		BC2C9E611738E8E900C43CCC /* JoobMobileMessageStoreDelegate.h in Headers */ = {isa = PBXBuildFile; fileRef = BC2C9E391738E8E900C43CCC /* JoobMobileMessageStoreDelegate.h */; };
		BC2C9E621738E8E900C43CCC /* JoobMobileMultiFactorAuthenticationHandler.h in Headers */ = {isa = PBXBuildFile; fileRef = BC2C9E3A1738E8E900C43CCC /* JoobMobileMultiFactorAuthenticationHandler.h */; };
		BC2C9E631738E8E900C43CCC /* JoobMobileMultiFactorToken.h in Headers */ = {isa = PBXBuildFile; fileRef = BC2C9E3B1738E8E900C43CCC /* JoobMobileMultiFactorToken.h */; };
		BC2C9E641738E8E900C43CCC /* JoobMobileOperationProfiling.h in Headers */ = {isa = PBXBuildFile; fileRef = BC2C9E3C1738E8E900C43CCC /* JoobMobileOperationProfiling.h */; };
		BC2C9E651738E8E900C43CCC /* JoobMobileParser.h in Headers */ = {isa = PBXBuildFile; fileRef = BC2C9E3D1738E8E900C43CCC /* JoobMobileParser.h */; };
		BC2C9E661738E8E900C43CCC /* JoobMobileParserDelegate.h in Headers */ = {isa = PBXBuildFile; fileRef = BC2C9E3E1738E8E900C43CCC /* JoobMobileParserDelegate.h */; };
		BC2C9E671738E8E900C43CCC /* JoobMobilePersistentMessage.h in Headers */ = {isa = PBXBuildFile; fileRef = BC2C9E3F1738E8E900C43CCC /* JoobMobilePersistentMessage.h */; };
		BC2C9E681738E8E900C43CCC /* JoobMobilePriorityQueue.h in Headers */ = {isa = PBXBuildFile; fileRef = BC2C9E401738E8E900C43CCC /* JoobMobilePriorityQueue.h */; };
		BC2C9E691738E8E900C43CCC /* JoobMobilePushNotificationManager.h in Headers */ = {isa = PBXBuildFile; fileRef = BC2C9E411738E8E900C43CCC /* JoobMobilePushNotificationManager.h */; };
		BC2C9E6A1738E8E900C43CCC /* JoobMobileQueue.h in Headers */ = {isa = PBXBuildFile; fileRef = BC2C9E421738E8E900C43CCC /* JoobMobileQueue.h */; };
		BC2C9E6B1738E8E900C43CCC /* JoobMobileQueueEntry.h in Headers */ = {isa = PBXBuildFile; fileRef = BC2C9E431738E8E900C43CCC /* JoobMobileQueueEntry.h */; };
		BC2C9E6C1738E8E900C43CCC /* JoobMobileReachability.h in Headers */ = {isa = PBXBuildFile; fileRef = BC2C9E441738E8E900C43CCC /* JoobMobileReachability.h */; };
		BC2C9E6D1738E8E900C43CCC /* JoobMobileReachabilityAppDelegate.h in Headers */ = {isa = PBXBuildFile; fileRef = BC2C9E451738E8E900C43CCC /* JoobMobileReachabilityAppDelegate.h */; };
		BC2C9E6E1738E8E900C43CCC /* JoobMobileRemoteLogger.h in Headers */ = {isa = PBXBuildFile; fileRef = BC2C9E461738E8E900C43CCC /* JoobMobileRemoteLogger.h */; };
		BC2C9E6F1738E8E900C43CCC /* JoobMobileSettings.h in Headers */ = {isa = PBXBuildFile; fileRef = BC2C9E471738E8E900C43CCC /* JoobMobileSettings.h */; };
		BC2C9E701738E8E900C43CCC /* JoobMobileVersion.h in Headers */ = {isa = PBXBuildFile; fileRef = BC2C9E481738E8E900C43CCC /* JoobMobileVersion.h */; };
		BC2C9E711738E8E900C43CCC /* JSONKit.h in Headers */ = {isa = PBXBuildFile; fileRef = BC2C9E491738E8E900C43CCC /* JSONKit.h */; };
		BC2C9E721738E8E900C43CCC /* KeychainItemWrapper.h in Headers */ = {isa = PBXBuildFile; fileRef = BC2C9E4A1738E8E900C43CCC /* KeychainItemWrapper.h */; };
		BC2C9E741738E8F700C43CCC /* libJoobMobile.a in Frameworks */ = {isa = PBXBuildFile; fileRef = BC2C9E731738E8F700C43CCC /* libJoobMobile.a */; };
		BC90C98E17379A85003838AA /* ComJadesoftwareJoobMobileProxy.h in Headers */ = {isa = PBXBuildFile; fileRef = BC90C98C17379A85003838AA /* ComJadesoftwareJoobMobileProxy.h */; };
		BC90C98F17379A85003838AA /* ComJadesoftwareJoobMobileProxy.m in Sources */ = {isa = PBXBuildFile; fileRef = BC90C98D17379A85003838AA /* ComJadesoftwareJoobMobileProxy.m */; };
/* End PBXBuildFile section */

/* Begin PBXContainerItemProxy section */
		24416B8411C4CA280047AFDD /* PBXContainerItemProxy */ = {
			isa = PBXContainerItemProxy;
			containerPortal = 0867D690FE84028FC02AAC07 /* Project object */;
			proxyType = 1;
			remoteGlobalIDString = D2AAC07D0554694100DB518D;
			remoteInfo = "JOOB Mobile";
		};
/* End PBXContainerItemProxy section */

/* Begin PBXFileReference section */
		24DD6CF71134B3F500162E58 /* ComJadesoftwareJoobMobileModule.h */ = {isa = PBXFileReference; fileEncoding = 4; lastKnownFileType = sourcecode.c.h; name = ComJadesoftwareJoobMobileModule.h; path = Classes/ComJadesoftwareJoobMobileModule.h; sourceTree = "<group>"; };
		24DD6CF81134B3F500162E58 /* ComJadesoftwareJoobMobileModule.m */ = {isa = PBXFileReference; fileEncoding = 4; lastKnownFileType = sourcecode.c.objc; name = ComJadesoftwareJoobMobileModule.m; path = Classes/ComJadesoftwareJoobMobileModule.m; sourceTree = "<group>"; };
		24DD6D1B1134B66800162E58 /* titanium.xcconfig */ = {isa = PBXFileReference; fileEncoding = 4; lastKnownFileType = text.xcconfig; path = titanium.xcconfig; sourceTree = "<group>"; };
		24DE9E0F11C5FE74003F90F6 /* ComJadesoftwareJoobMobileModuleAssets.h */ = {isa = PBXFileReference; fileEncoding = 4; lastKnownFileType = sourcecode.c.h; name = ComJadesoftwareJoobMobileModuleAssets.h; path = Classes/ComJadesoftwareJoobMobileModuleAssets.h; sourceTree = "<group>"; };
		24DE9E1011C5FE74003F90F6 /* ComJadesoftwareJoobMobileModuleAssets.m */ = {isa = PBXFileReference; fileEncoding = 4; lastKnownFileType = sourcecode.c.objc; name = ComJadesoftwareJoobMobileModuleAssets.m; path = Classes/ComJadesoftwareJoobMobileModuleAssets.m; sourceTree = "<group>"; };
		AA747D9E0F9514B9006C5449 /* ComJadesoftwareJoobMobile_Prefix.pch */ = {isa = PBXFileReference; fileEncoding = 4; lastKnownFileType = sourcecode.c.h; path = ComJadesoftwareJoobMobile_Prefix.pch; sourceTree = SOURCE_ROOT; };
		AACBBE490F95108600F1A2B1 /* Foundation.framework */ = {isa = PBXFileReference; lastKnownFileType = wrapper.framework; name = Foundation.framework; path = System/Library/Frameworks/Foundation.framework; sourceTree = SDKROOT; };
		BC2C9E231738E8E900C43CCC /* ISO8601DateFormatter.h */ = {isa = PBXFileReference; fileEncoding = 4; lastKnownFileType = sourcecode.c.h; path = ISO8601DateFormatter.h; sourceTree = "<group>"; };
		BC2C9E241738E8E900C43CCC /* JoobMobile.h */ = {isa = PBXFileReference; fileEncoding = 4; lastKnownFileType = sourcecode.c.h; path = JoobMobile.h; sourceTree = "<group>"; };
		BC2C9E251738E8E900C43CCC /* JoobMobileAuthentication.h */ = {isa = PBXFileReference; fileEncoding = 4; lastKnownFileType = sourcecode.c.h; path = JoobMobileAuthentication.h; sourceTree = "<group>"; };
		BC2C9E261738E8E900C43CCC /* JoobMobileAuthenticationDelegate.h */ = {isa = PBXFileReference; fileEncoding = 4; lastKnownFileType = sourcecode.c.h; path = JoobMobileAuthenticationDelegate.h; sourceTree = "<group>"; };
		BC2C9E271738E8E900C43CCC /* JoobMobileAuthenticationUtils.h */ = {isa = PBXFileReference; fileEncoding = 4; lastKnownFileType = sourcecode.c.h; path = JoobMobileAuthenticationUtils.h; sourceTree = "<group>"; };
		BC2C9E281738E8E900C43CCC /* JoobMobileBase64.h */ = {isa = PBXFileReference; fileEncoding = 4; lastKnownFileType = sourcecode.c.h; path = JoobMobileBase64.h; sourceTree = "<group>"; };
		BC2C9E291738E8E900C43CCC /* JoobMobileConnection.h */ = {isa = PBXFileReference; fileEncoding = 4; lastKnownFileType = sourcecode.c.h; path = JoobMobileConnection.h; sourceTree = "<group>"; };
		BC2C9E2A1738E8E900C43CCC /* JoobMobileConnectionDelegate.h */ = {isa = PBXFileReference; fileEncoding = 4; lastKnownFileType = sourcecode.c.h; path = JoobMobileConnectionDelegate.h; sourceTree = "<group>"; };
		BC2C9E2B1738E8E900C43CCC /* JoobMobileConstants.h */ = {isa = PBXFileReference; fileEncoding = 4; lastKnownFileType = sourcecode.c.h; path = JoobMobileConstants.h; sourceTree = "<group>"; };
		BC2C9E2C1738E8E900C43CCC /* JoobMobileCryptoHelper.h */ = {isa = PBXFileReference; fileEncoding = 4; lastKnownFileType = sourcecode.c.h; path = JoobMobileCryptoHelper.h; sourceTree = "<group>"; };
		BC2C9E2D1738E8E900C43CCC /* JoobMobileDatabaseUtilities.h */ = {isa = PBXFileReference; fileEncoding = 4; lastKnownFileType = sourcecode.c.h; path = JoobMobileDatabaseUtilities.h; sourceTree = "<group>"; };
		BC2C9E2E1738E8E900C43CCC /* JoobMobileDataItemUtilities.h */ = {isa = PBXFileReference; fileEncoding = 4; lastKnownFileType = sourcecode.c.h; path = JoobMobileDataItemUtilities.h; sourceTree = "<group>"; };
		BC2C9E2F1738E8E900C43CCC /* JoobMobileDataTank.h */ = {isa = PBXFileReference; fileEncoding = 4; lastKnownFileType = sourcecode.c.h; path = JoobMobileDataTank.h; sourceTree = "<group>"; };
		BC2C9E301738E8E900C43CCC /* JoobMobileEvent.h */ = {isa = PBXFileReference; fileEncoding = 4; lastKnownFileType = sourcecode.c.h; path = JoobMobileEvent.h; sourceTree = "<group>"; };
		BC2C9E311738E8E900C43CCC /* JoobMobileEventDispatcher.h */ = {isa = PBXFileReference; fileEncoding = 4; lastKnownFileType = sourcecode.c.h; path = JoobMobileEventDispatcher.h; sourceTree = "<group>"; };
		BC2C9E321738E8E900C43CCC /* JoobMobileFactory.h */ = {isa = PBXFileReference; fileEncoding = 4; lastKnownFileType = sourcecode.c.h; path = JoobMobileFactory.h; sourceTree = "<group>"; };
		BC2C9E331738E8E900C43CCC /* JoobMobileFileUtilities.h */ = {isa = PBXFileReference; fileEncoding = 4; lastKnownFileType = sourcecode.c.h; path = JoobMobileFileUtilities.h; sourceTree = "<group>"; };
		BC2C9E341738E8E900C43CCC /* JoobMobileGeoManager.h */ = {isa = PBXFileReference; fileEncoding = 4; lastKnownFileType = sourcecode.c.h; path = JoobMobileGeoManager.h; sourceTree = "<group>"; };
		BC2C9E351738E8E900C43CCC /* JoobMobileHardware.h */ = {isa = PBXFileReference; fileEncoding = 4; lastKnownFileType = sourcecode.c.h; path = JoobMobileHardware.h; sourceTree = "<group>"; };
		BC2C9E361738E8E900C43CCC /* JoobMobileHttpResult.h */ = {isa = PBXFileReference; fileEncoding = 4; lastKnownFileType = sourcecode.c.h; path = JoobMobileHttpResult.h; sourceTree = "<group>"; };
		BC2C9E371738E8E900C43CCC /* JoobMobileMessage.h */ = {isa = PBXFileReference; fileEncoding = 4; lastKnownFileType = sourcecode.c.h; path = JoobMobileMessage.h; sourceTree = "<group>"; };
		BC2C9E381738E8E900C43CCC /* JoobMobileMessageStore.h */ = {isa = PBXFileReference; fileEncoding = 4; lastKnownFileType = sourcecode.c.h; path = JoobMobileMessageStore.h; sourceTree = "<group>"; };
		BC2C9E391738E8E900C43CCC /* JoobMobileMessageStoreDelegate.h */ = {isa = PBXFileReference; fileEncoding = 4; lastKnownFileType = sourcecode.c.h; path = JoobMobileMessageStoreDelegate.h; sourceTree = "<group>"; };
		BC2C9E3A1738E8E900C43CCC /* JoobMobileMultiFactorAuthenticationHandler.h */ = {isa = PBXFileReference; fileEncoding = 4; lastKnownFileType = sourcecode.c.h; path = JoobMobileMultiFactorAuthenticationHandler.h; sourceTree = "<group>"; };
		BC2C9E3B1738E8E900C43CCC /* JoobMobileMultiFactorToken.h */ = {isa = PBXFileReference; fileEncoding = 4; lastKnownFileType = sourcecode.c.h; path = JoobMobileMultiFactorToken.h; sourceTree = "<group>"; };
		BC2C9E3C1738E8E900C43CCC /* JoobMobileOperationProfiling.h */ = {isa = PBXFileReference; fileEncoding = 4; lastKnownFileType = sourcecode.c.h; path = JoobMobileOperationProfiling.h; sourceTree = "<group>"; };
		BC2C9E3D1738E8E900C43CCC /* JoobMobileParser.h */ = {isa = PBXFileReference; fileEncoding = 4; lastKnownFileType = sourcecode.c.h; path = JoobMobileParser.h; sourceTree = "<group>"; };
		BC2C9E3E1738E8E900C43CCC /* JoobMobileParserDelegate.h */ = {isa = PBXFileReference; fileEncoding = 4; lastKnownFileType = sourcecode.c.h; path = JoobMobileParserDelegate.h; sourceTree = "<group>"; };
		BC2C9E3F1738E8E900C43CCC /* JoobMobilePersistentMessage.h */ = {isa = PBXFileReference; fileEncoding = 4; lastKnownFileType = sourcecode.c.h; path = JoobMobilePersistentMessage.h; sourceTree = "<group>"; };
		BC2C9E401738E8E900C43CCC /* JoobMobilePriorityQueue.h */ = {isa = PBXFileReference; fileEncoding = 4; lastKnownFileType = sourcecode.c.h; path = JoobMobilePriorityQueue.h; sourceTree = "<group>"; };
		BC2C9E411738E8E900C43CCC /* JoobMobilePushNotificationManager.h */ = {isa = PBXFileReference; fileEncoding = 4; lastKnownFileType = sourcecode.c.h; path = JoobMobilePushNotificationManager.h; sourceTree = "<group>"; };
		BC2C9E421738E8E900C43CCC /* JoobMobileQueue.h */ = {isa = PBXFileReference; fileEncoding = 4; lastKnownFileType = sourcecode.c.h; path = JoobMobileQueue.h; sourceTree = "<group>"; };
		BC2C9E431738E8E900C43CCC /* JoobMobileQueueEntry.h */ = {isa = PBXFileReference; fileEncoding = 4; lastKnownFileType = sourcecode.c.h; path = JoobMobileQueueEntry.h; sourceTree = "<group>"; };
		BC2C9E441738E8E900C43CCC /* JoobMobileReachability.h */ = {isa = PBXFileReference; fileEncoding = 4; lastKnownFileType = sourcecode.c.h; path = JoobMobileReachability.h; sourceTree = "<group>"; };
		BC2C9E451738E8E900C43CCC /* JoobMobileReachabilityAppDelegate.h */ = {isa = PBXFileReference; fileEncoding = 4; lastKnownFileType = sourcecode.c.h; path = JoobMobileReachabilityAppDelegate.h; sourceTree = "<group>"; };
		BC2C9E461738E8E900C43CCC /* JoobMobileRemoteLogger.h */ = {isa = PBXFileReference; fileEncoding = 4; lastKnownFileType = sourcecode.c.h; path = JoobMobileRemoteLogger.h; sourceTree = "<group>"; };
		BC2C9E471738E8E900C43CCC /* JoobMobileSettings.h */ = {isa = PBXFileReference; fileEncoding = 4; lastKnownFileType = sourcecode.c.h; path = JoobMobileSettings.h; sourceTree = "<group>"; };
		BC2C9E481738E8E900C43CCC /* JoobMobileVersion.h */ = {isa = PBXFileReference; fileEncoding = 4; lastKnownFileType = sourcecode.c.h; path = JoobMobileVersion.h; sourceTree = "<group>"; };
		BC2C9E491738E8E900C43CCC /* JSONKit.h */ = {isa = PBXFileReference; fileEncoding = 4; lastKnownFileType = sourcecode.c.h; path = JSONKit.h; sourceTree = "<group>"; };
		BC2C9E4A1738E8E900C43CCC /* KeychainItemWrapper.h */ = {isa = PBXFileReference; fileEncoding = 4; lastKnownFileType = sourcecode.c.h; path = KeychainItemWrapper.h; sourceTree = "<group>"; };
		BC2C9E731738E8F700C43CCC /* libJoobMobile.a */ = {isa = PBXFileReference; lastKnownFileType = archive.ar; name = libJoobMobile.a; path = JoobMobile/lib/libJoobMobile.a; sourceTree = "<group>"; };
		BC90C98C17379A85003838AA /* ComJadesoftwareJoobMobileProxy.h */ = {isa = PBXFileReference; fileEncoding = 4; lastKnownFileType = sourcecode.c.h; name = ComJadesoftwareJoobMobileProxy.h; path = Classes/ComJadesoftwareJoobMobileProxy.h; sourceTree = "<group>"; };
		BC90C98D17379A85003838AA /* ComJadesoftwareJoobMobileProxy.m */ = {isa = PBXFileReference; fileEncoding = 4; lastKnownFileType = sourcecode.c.objc; name = ComJadesoftwareJoobMobileProxy.m; path = Classes/ComJadesoftwareJoobMobileProxy.m; sourceTree = "<group>"; };
		D2AAC07E0554694100DB518D /* libComJadesoftwareJoobMobile.a */ = {isa = PBXFileReference; explicitFileType = archive.ar; includeInIndex = 0; path = libComJadesoftwareJoobMobile.a; sourceTree = BUILT_PRODUCTS_DIR; };
/* End PBXFileReference section */

/* Begin PBXFrameworksBuildPhase section */
		D2AAC07C0554694100DB518D /* Frameworks */ = {
			isa = PBXFrameworksBuildPhase;
			buildActionMask = 2147483647;
			files = (
				AACBBE4A0F95108600F1A2B1 /* Foundation.framework in Frameworks */,
				BC2C9E741738E8F700C43CCC /* libJoobMobile.a in Frameworks */,
			);
			runOnlyForDeploymentPostprocessing = 0;
		};
/* End PBXFrameworksBuildPhase section */

/* Begin PBXGroup section */
		034768DFFF38A50411DB9C8B /* Products */ = {
			isa = PBXGroup;
			children = (
				D2AAC07E0554694100DB518D /* libComJadesoftwareJoobMobile.a */,
			);
			name = Products;
			sourceTree = "<group>";
		};
		0867D691FE84028FC02AAC07 /* JOOB Mobile */ = {
			isa = PBXGroup;
			children = (
				BC2C9E201738E8C300C43CCC /* Libraries */,
				08FB77AEFE84172EC02AAC07 /* Classes */,
				32C88DFF0371C24200C91783 /* Other Sources */,
				0867D69AFE84028FC02AAC07 /* Frameworks */,
				034768DFFF38A50411DB9C8B /* Products */,
			);
			name = "JOOB Mobile";
			sourceTree = "<group>";
		};
		0867D69AFE84028FC02AAC07 /* Frameworks */ = {
			isa = PBXGroup;
			children = (
				AACBBE490F95108600F1A2B1 /* Foundation.framework */,
			);
			name = Frameworks;
			sourceTree = "<group>";
		};
		08FB77AEFE84172EC02AAC07 /* Classes */ = {
			isa = PBXGroup;
			children = (
				24DE9E0F11C5FE74003F90F6 /* ComJadesoftwareJoobMobileModuleAssets.h */,
				24DE9E1011C5FE74003F90F6 /* ComJadesoftwareJoobMobileModuleAssets.m */,
				24DD6CF71134B3F500162E58 /* ComJadesoftwareJoobMobileModule.h */,
				24DD6CF81134B3F500162E58 /* ComJadesoftwareJoobMobileModule.m */,
				BC90C98C17379A85003838AA /* ComJadesoftwareJoobMobileProxy.h */,
				BC90C98D17379A85003838AA /* ComJadesoftwareJoobMobileProxy.m */,
			);
			name = Classes;
			sourceTree = "<group>";
		};
		32C88DFF0371C24200C91783 /* Other Sources */ = {
			isa = PBXGroup;
			children = (
				AA747D9E0F9514B9006C5449 /* ComJadesoftwareJoobMobile_Prefix.pch */,
				24DD6D1B1134B66800162E58 /* titanium.xcconfig */,
			);
			name = "Other Sources";
			sourceTree = "<group>";
		};
		BC2C9E201738E8C300C43CCC /* Libraries */ = {
			isa = PBXGroup;
			children = (
				BC2C9E211738E8CE00C43CCC /* JoobMobile */,
			);
			name = Libraries;
			sourceTree = "<group>";
		};
		BC2C9E211738E8CE00C43CCC /* JoobMobile */ = {
			isa = PBXGroup;
			children = (
				BC2C9E731738E8F700C43CCC /* libJoobMobile.a */,
				BC2C9E221738E8E900C43CCC /* Headers */,
			);
			name = JoobMobile;
			sourceTree = "<group>";
		};
		BC2C9E221738E8E900C43CCC /* Headers */ = {
			isa = PBXGroup;
			children = (
				BC2C9E231738E8E900C43CCC /* ISO8601DateFormatter.h */,
				BC2C9E241738E8E900C43CCC /* JoobMobile.h */,
				BC2C9E251738E8E900C43CCC /* JoobMobileAuthentication.h */,
				BC2C9E261738E8E900C43CCC /* JoobMobileAuthenticationDelegate.h */,
				BC2C9E271738E8E900C43CCC /* JoobMobileAuthenticationUtils.h */,
				BC2C9E281738E8E900C43CCC /* JoobMobileBase64.h */,
				BC2C9E291738E8E900C43CCC /* JoobMobileConnection.h */,
				BC2C9E2A1738E8E900C43CCC /* JoobMobileConnectionDelegate.h */,
				BC2C9E2B1738E8E900C43CCC /* JoobMobileConstants.h */,
				BC2C9E2C1738E8E900C43CCC /* JoobMobileCryptoHelper.h */,
				BC2C9E2D1738E8E900C43CCC /* JoobMobileDatabaseUtilities.h */,
				BC2C9E2E1738E8E900C43CCC /* JoobMobileDataItemUtilities.h */,
				BC2C9E2F1738E8E900C43CCC /* JoobMobileDataTank.h */,
				BC2C9E301738E8E900C43CCC /* JoobMobileEvent.h */,
				BC2C9E311738E8E900C43CCC /* JoobMobileEventDispatcher.h */,
				BC2C9E321738E8E900C43CCC /* JoobMobileFactory.h */,
				BC2C9E331738E8E900C43CCC /* JoobMobileFileUtilities.h */,
				BC2C9E341738E8E900C43CCC /* JoobMobileGeoManager.h */,
				BC2C9E351738E8E900C43CCC /* JoobMobileHardware.h */,
				BC2C9E361738E8E900C43CCC /* JoobMobileHttpResult.h */,
				BC2C9E371738E8E900C43CCC /* JoobMobileMessage.h */,
				BC2C9E381738E8E900C43CCC /* JoobMobileMessageStore.h */,
				BC2C9E391738E8E900C43CCC /* JoobMobileMessageStoreDelegate.h */,
				BC2C9E3A1738E8E900C43CCC /* JoobMobileMultiFactorAuthenticationHandler.h */,
				BC2C9E3B1738E8E900C43CCC /* JoobMobileMultiFactorToken.h */,
				BC2C9E3C1738E8E900C43CCC /* JoobMobileOperationProfiling.h */,
				BC2C9E3D1738E8E900C43CCC /* JoobMobileParser.h */,
				BC2C9E3E1738E8E900C43CCC /* JoobMobileParserDelegate.h */,
				BC2C9E3F1738E8E900C43CCC /* JoobMobilePersistentMessage.h */,
				BC2C9E401738E8E900C43CCC /* JoobMobilePriorityQueue.h */,
				BC2C9E411738E8E900C43CCC /* JoobMobilePushNotificationManager.h */,
				BC2C9E421738E8E900C43CCC /* JoobMobileQueue.h */,
				BC2C9E431738E8E900C43CCC /* JoobMobileQueueEntry.h */,
				BC2C9E441738E8E900C43CCC /* JoobMobileReachability.h */,
				BC2C9E451738E8E900C43CCC /* JoobMobileReachabilityAppDelegate.h */,
				BC2C9E461738E8E900C43CCC /* JoobMobileRemoteLogger.h */,
				BC2C9E471738E8E900C43CCC /* JoobMobileSettings.h */,
				BC2C9E481738E8E900C43CCC /* JoobMobileVersion.h */,
				BC2C9E491738E8E900C43CCC /* JSONKit.h */,
				BC2C9E4A1738E8E900C43CCC /* KeychainItemWrapper.h */,
			);
			name = Headers;
			path = JoobMobile/Headers;
			sourceTree = "<group>";
		};
/* End PBXGroup section */

/* Begin PBXHeadersBuildPhase section */
		D2AAC07A0554694100DB518D /* Headers */ = {
			isa = PBXHeadersBuildPhase;
			buildActionMask = 2147483647;
			files = (
				AA747D9F0F9514B9006C5449 /* ComJadesoftwareJoobMobile_Prefix.pch in Headers */,
				24DD6CF91134B3F500162E58 /* ComJadesoftwareJoobMobileModule.h in Headers */,
				24DE9E1111C5FE74003F90F6 /* ComJadesoftwareJoobMobileModuleAssets.h in Headers */,
				BC90C98E17379A85003838AA /* ComJadesoftwareJoobMobileProxy.h in Headers */,
				BC2C9E4B1738E8E900C43CCC /* ISO8601DateFormatter.h in Headers */,
				BC2C9E4C1738E8E900C43CCC /* JoobMobile.h in Headers */,
				BC2C9E4D1738E8E900C43CCC /* JoobMobileAuthentication.h in Headers */,
				BC2C9E4E1738E8E900C43CCC /* JoobMobileAuthenticationDelegate.h in Headers */,
				BC2C9E4F1738E8E900C43CCC /* JoobMobileAuthenticationUtils.h in Headers */,
				BC2C9E501738E8E900C43CCC /* JoobMobileBase64.h in Headers */,
				BC2C9E511738E8E900C43CCC /* JoobMobileConnection.h in Headers */,
				BC2C9E521738E8E900C43CCC /* JoobMobileConnectionDelegate.h in Headers */,
				BC2C9E531738E8E900C43CCC /* JoobMobileConstants.h in Headers */,
				BC2C9E541738E8E900C43CCC /* JoobMobileCryptoHelper.h in Headers */,
				BC2C9E551738E8E900C43CCC /* JoobMobileDatabaseUtilities.h in Headers */,
				BC2C9E561738E8E900C43CCC /* JoobMobileDataItemUtilities.h in Headers */,
				BC2C9E571738E8E900C43CCC /* JoobMobileDataTank.h in Headers */,
				BC2C9E581738E8E900C43CCC /* JoobMobileEvent.h in Headers */,
				BC2C9E591738E8E900C43CCC /* JoobMobileEventDispatcher.h in Headers */,
				BC2C9E5A1738E8E900C43CCC /* JoobMobileFactory.h in Headers */,
				BC2C9E5B1738E8E900C43CCC /* JoobMobileFileUtilities.h in Headers */,
				BC2C9E5C1738E8E900C43CCC /* JoobMobileGeoManager.h in Headers */,
				BC2C9E5D1738E8E900C43CCC /* JoobMobileHardware.h in Headers */,
				BC2C9E5E1738E8E900C43CCC /* JoobMobileHttpResult.h in Headers */,
				BC2C9E5F1738E8E900C43CCC /* JoobMobileMessage.h in Headers */,
				BC2C9E601738E8E900C43CCC /* JoobMobileMessageStore.h in Headers */,
				BC2C9E611738E8E900C43CCC /* JoobMobileMessageStoreDelegate.h in Headers */,
				BC2C9E621738E8E900C43CCC /* JoobMobileMultiFactorAuthenticationHandler.h in Headers */,
				BC2C9E631738E8E900C43CCC /* JoobMobileMultiFactorToken.h in Headers */,
				BC2C9E641738E8E900C43CCC /* JoobMobileOperationProfiling.h in Headers */,
				BC2C9E651738E8E900C43CCC /* JoobMobileParser.h in Headers */,
				BC2C9E661738E8E900C43CCC /* JoobMobileParserDelegate.h in Headers */,
				BC2C9E671738E8E900C43CCC /* JoobMobilePersistentMessage.h in Headers */,
				BC2C9E681738E8E900C43CCC /* JoobMobilePriorityQueue.h in Headers */,
				BC2C9E691738E8E900C43CCC /* JoobMobilePushNotificationManager.h in Headers */,
				BC2C9E6A1738E8E900C43CCC /* JoobMobileQueue.h in Headers */,
				BC2C9E6B1738E8E900C43CCC /* JoobMobileQueueEntry.h in Headers */,
				BC2C9E6C1738E8E900C43CCC /* JoobMobileReachability.h in Headers */,
				BC2C9E6D1738E8E900C43CCC /* JoobMobileReachabilityAppDelegate.h in Headers */,
				BC2C9E6E1738E8E900C43CCC /* JoobMobileRemoteLogger.h in Headers */,
				BC2C9E6F1738E8E900C43CCC /* JoobMobileSettings.h in Headers */,
				BC2C9E701738E8E900C43CCC /* JoobMobileVersion.h in Headers */,
				BC2C9E711738E8E900C43CCC /* JSONKit.h in Headers */,
				BC2C9E721738E8E900C43CCC /* KeychainItemWrapper.h in Headers */,
			);
			runOnlyForDeploymentPostprocessing = 0;
		};
/* End PBXHeadersBuildPhase section */

/* Begin PBXNativeTarget section */
		D2AAC07D0554694100DB518D /* JOOB Mobile */ = {
			isa = PBXNativeTarget;
			buildConfigurationList = 1DEB921E08733DC00010E9CD /* Build configuration list for PBXNativeTarget "JOOB Mobile" */;
			buildPhases = (
				D2AAC07A0554694100DB518D /* Headers */,
				D2AAC07B0554694100DB518D /* Sources */,
				D2AAC07C0554694100DB518D /* Frameworks */,
			);
			buildRules = (
			);
			dependencies = (
			);
			name = "JOOB Mobile";
			productName = "JOOB Mobile";
			productReference = D2AAC07E0554694100DB518D /* libComJadesoftwareJoobMobile.a */;
			productType = "com.apple.product-type.library.static";
		};
/* End PBXNativeTarget section */

/* Begin PBXProject section */
		0867D690FE84028FC02AAC07 /* Project object */ = {
			isa = PBXProject;
			buildConfigurationList = 1DEB922208733DC00010E9CD /* Build configuration list for PBXProject "JOOB Mobile" */;
			compatibilityVersion = "Xcode 3.1";
			developmentRegion = English;
			hasScannedForEncodings = 1;
			knownRegions = (
				English,
				Japanese,
				French,
				German,
			);
			mainGroup = 0867D691FE84028FC02AAC07 /* JOOB Mobile */;
			productRefGroup = 034768DFFF38A50411DB9C8B /* Products */;
			projectDirPath = "";
			projectRoot = "";
			targets = (
				D2AAC07D0554694100DB518D /* JOOB Mobile */,
				24416B8111C4CA220047AFDD /* Build & Test */,
			);
		};
/* End PBXProject section */

/* Begin PBXShellScriptBuildPhase section */
		24416B8011C4CA220047AFDD /* ShellScript */ = {
			isa = PBXShellScriptBuildPhase;
			buildActionMask = 2147483647;
			files = (
			);
			inputPaths = (
			);
			outputPaths = (
			);
			runOnlyForDeploymentPostprocessing = 0;
			shellPath = /bin/sh;
			shellScript = "# shell script goes here\n\npython \"${TITANIUM_SDK}/titanium.py\" run --dir=\"${PROJECT_DIR}\"\nexit $?\n";
		};
/* End PBXShellScriptBuildPhase section */

/* Begin PBXSourcesBuildPhase section */
		D2AAC07B0554694100DB518D /* Sources */ = {
			isa = PBXSourcesBuildPhase;
			buildActionMask = 2147483647;
			files = (
				24DD6CFA1134B3F500162E58 /* ComJadesoftwareJoobMobileModule.m in Sources */,
				24DE9E1211C5FE74003F90F6 /* ComJadesoftwareJoobMobileModuleAssets.m in Sources */,
				BC90C98F17379A85003838AA /* ComJadesoftwareJoobMobileProxy.m in Sources */,
			);
			runOnlyForDeploymentPostprocessing = 0;
		};
/* End PBXSourcesBuildPhase section */

/* Begin PBXTargetDependency section */
		24416B8511C4CA280047AFDD /* PBXTargetDependency */ = {
			isa = PBXTargetDependency;
			target = D2AAC07D0554694100DB518D /* JOOB Mobile */;
			targetProxy = 24416B8411C4CA280047AFDD /* PBXContainerItemProxy */;
		};
/* End PBXTargetDependency section */

/* Begin XCBuildConfiguration section */
		1DEB921F08733DC00010E9CD /* Debug */ = {
			isa = XCBuildConfiguration;
			baseConfigurationReference = 24DD6D1B1134B66800162E58 /* titanium.xcconfig */;
			buildSettings = {
				CODE_SIGN_IDENTITY = "iPhone Developer";
				"CODE_SIGN_IDENTITY[sdk=iphoneos*]" = "iPhone Developer";
				DSTROOT = /tmp/ComJadesoftwareJoobMobile.dst;
				FRAMEWORK_SEARCH_PATHS = (
					"$(inherited)",
					"\"$(SRCROOT)\"",
				);
				GCC_C_LANGUAGE_STANDARD = c99;
				GCC_OPTIMIZATION_LEVEL = 0;
				GCC_PRECOMPILE_PREFIX_HEADER = YES;
				GCC_PREFIX_HEADER = ComJadesoftwareJoobMobile_Prefix.pch;
				GCC_PREPROCESSOR_DEFINITIONS = "TI_VERSION=$(TI_VERSION)";
				GCC_TREAT_WARNINGS_AS_ERRORS = NO;
				GCC_VERSION = "";
				GCC_WARN_ABOUT_RETURN_TYPE = NO;
				GCC_WARN_MISSING_PARENTHESES = NO;
				GCC_WARN_SHADOW = NO;
				GCC_WARN_STRICT_SELECTOR_MATCH = NO;
				GCC_WARN_UNUSED_FUNCTION = YES;
				GCC_WARN_UNUSED_PARAMETER = NO;
				GCC_WARN_UNUSED_VALUE = NO;
				GCC_WARN_UNUSED_VARIABLE = NO;
				INSTALL_PATH = /usr/local/lib;
				LIBRARY_SEARCH_PATHS = (
					"$(inherited)",
					"\"$(SRCROOT)/JoobMobile/lib\"",
				);
				OTHER_CFLAGS = (
					"-DDEBUG",
					"-DTI_POST_1_2",
				);
				OTHER_LDFLAGS = "-ObjC";
				PRODUCT_NAME = ComJadesoftwareJoobMobile;
				PROVISIONING_PROFILE = "";
				"PROVISIONING_PROFILE[sdk=iphoneos*]" = "";
				RUN_CLANG_STATIC_ANALYZER = NO;
				SDKROOT = iphoneos;
				USER_HEADER_SEARCH_PATHS = "";
			};
			name = Debug;
		};
		1DEB922008733DC00010E9CD /* Release */ = {
			isa = XCBuildConfiguration;
			baseConfigurationReference = 24DD6D1B1134B66800162E58 /* titanium.xcconfig */;
			buildSettings = {
				ALWAYS_SEARCH_USER_PATHS = NO;
				DSTROOT = /tmp/ComJadesoftwareJoobMobile.dst;
				FRAMEWORK_SEARCH_PATHS = (
					"$(inherited)",
					"\"$(SRCROOT)\"",
				);
				GCC_C_LANGUAGE_STANDARD = c99;
				GCC_MODEL_TUNING = G5;
				GCC_PRECOMPILE_PREFIX_HEADER = YES;
				GCC_PREFIX_HEADER = ComJadesoftwareJoobMobile_Prefix.pch;
				GCC_PREPROCESSOR_DEFINITIONS = "TI_VERSION=$(TI_VERSION)";
				GCC_TREAT_WARNINGS_AS_ERRORS = NO;
				GCC_VERSION = "";
				GCC_WARN_ABOUT_RETURN_TYPE = NO;
				GCC_WARN_MISSING_PARENTHESES = NO;
				GCC_WARN_SHADOW = NO;
				GCC_WARN_STRICT_SELECTOR_MATCH = NO;
				GCC_WARN_UNUSED_FUNCTION = YES;
				GCC_WARN_UNUSED_PARAMETER = NO;
				GCC_WARN_UNUSED_VALUE = NO;
				GCC_WARN_UNUSED_VARIABLE = NO;
				INSTALL_PATH = /usr/local/lib;
				IPHONEOS_DEPLOYMENT_TARGET = 4.0;
				LIBRARY_SEARCH_PATHS = (
					"$(inherited)",
					"\"$(SRCROOT)/JoobMobile/lib\"",
				);
				OTHER_CFLAGS = "-DTI_POST_1_2";
				OTHER_LDFLAGS = "-ObjC";
				PRODUCT_NAME = ComJadesoftwareJoobMobile;
				RUN_CLANG_STATIC_ANALYZER = NO;
				SDKROOT = iphoneos;
				USER_HEADER_SEARCH_PATHS = "";
			};
			name = Release;
		};
		1DEB922308733DC00010E9CD /* Debug */ = {
			isa = XCBuildConfiguration;
			baseConfigurationReference = 24DD6D1B1134B66800162E58 /* titanium.xcconfig */;
			buildSettings = {
				CODE_SIGN_IDENTITY = "iPhone Developer";
				"CODE_SIGN_IDENTITY[sdk=iphoneos*]" = "iPhone Developer";
				DSTROOT = /tmp/ComJadesoftwareJoobMobile.dst;
				GCC_C_LANGUAGE_STANDARD = c99;
				GCC_OPTIMIZATION_LEVEL = 0;
				GCC_PRECOMPILE_PREFIX_HEADER = YES;
				GCC_PREFIX_HEADER = ComJadesoftwareJoobMobile_Prefix.pch;
				GCC_PREPROCESSOR_DEFINITIONS = "TI_VERSION=$(TI_VERSION)";
				GCC_TREAT_WARNINGS_AS_ERRORS = NO;
				GCC_VERSION = "";
				GCC_WARN_ABOUT_RETURN_TYPE = NO;
				GCC_WARN_MISSING_PARENTHESES = NO;
				GCC_WARN_SHADOW = NO;
				GCC_WARN_STRICT_SELECTOR_MATCH = NO;
				GCC_WARN_UNUSED_FUNCTION = YES;
				GCC_WARN_UNUSED_PARAMETER = NO;
				GCC_WARN_UNUSED_VALUE = NO;
				GCC_WARN_UNUSED_VARIABLE = NO;
				INSTALL_PATH = /usr/local/lib;
				OTHER_CFLAGS = (
					"-DDEBUG",
					"-DTI_POST_1_2",
				);
				OTHER_LDFLAGS = "-ObjC";
				PRODUCT_NAME = ComJadesoftwareJoobMobile;
				PROVISIONING_PROFILE = "";
				"PROVISIONING_PROFILE[sdk=iphoneos*]" = "";
				RUN_CLANG_STATIC_ANALYZER = NO;
				SDKROOT = iphoneos;
				USER_HEADER_SEARCH_PATHS = "";
			};
			name = Debug;
		};
		1DEB922408733DC00010E9CD /* Release */ = {
			isa = XCBuildConfiguration;
			baseConfigurationReference = 24DD6D1B1134B66800162E58 /* titanium.xcconfig */;
			buildSettings = {
				ALWAYS_SEARCH_USER_PATHS = NO;
				DSTROOT = /tmp/ComJadesoftwareJoobMobile.dst;
				GCC_C_LANGUAGE_STANDARD = c99;
				GCC_MODEL_TUNING = G5;
				GCC_PRECOMPILE_PREFIX_HEADER = YES;
				GCC_PREFIX_HEADER = ComJadesoftwareJoobMobile_Prefix.pch;
				GCC_PREPROCESSOR_DEFINITIONS = "TI_VERSION=$(TI_VERSION)";
				GCC_TREAT_WARNINGS_AS_ERRORS = NO;
				GCC_VERSION = "";
				GCC_WARN_ABOUT_RETURN_TYPE = NO;
				GCC_WARN_MISSING_PARENTHESES = NO;
				GCC_WARN_SHADOW = NO;
				GCC_WARN_STRICT_SELECTOR_MATCH = NO;
				GCC_WARN_UNUSED_FUNCTION = YES;
				GCC_WARN_UNUSED_PARAMETER = NO;
				GCC_WARN_UNUSED_VALUE = NO;
				GCC_WARN_UNUSED_VARIABLE = NO;
				INSTALL_PATH = /usr/local/lib;
				IPHONEOS_DEPLOYMENT_TARGET = 4.0;
				OTHER_CFLAGS = "-DTI_POST_1_2";
				OTHER_LDFLAGS = "-ObjC";
				PRODUCT_NAME = ComJadesoftwareJoobMobile;
				RUN_CLANG_STATIC_ANALYZER = NO;
				SDKROOT = iphoneos;
				USER_HEADER_SEARCH_PATHS = "";
			};
			name = Release;
		};
		24416B8211C4CA220047AFDD /* Debug */ = {
			isa = XCBuildConfiguration;
			baseConfigurationReference = 24DD6D1B1134B66800162E58 /* titanium.xcconfig */;
			buildSettings = {
				COPY_PHASE_STRIP = NO;
				GCC_DYNAMIC_NO_PIC = NO;
				GCC_OPTIMIZATION_LEVEL = 0;
				PRODUCT_NAME = "Build & test";
			};
			name = Debug;
		};
		24416B8311C4CA220047AFDD /* Release */ = {
			isa = XCBuildConfiguration;
			baseConfigurationReference = 24DD6D1B1134B66800162E58 /* titanium.xcconfig */;
			buildSettings = {
				COPY_PHASE_STRIP = YES;
				DEBUG_INFORMATION_FORMAT = "dwarf-with-dsym";
				GCC_ENABLE_FIX_AND_CONTINUE = NO;
				PRODUCT_NAME = "Build & test";
				ZERO_LINK = NO;
			};
			name = Release;
		};
/* End XCBuildConfiguration section */

/* Begin XCConfigurationList section */
		1DEB921E08733DC00010E9CD /* Build configuration list for PBXNativeTarget "JOOB Mobile" */ = {
			isa = XCConfigurationList;
			buildConfigurations = (
				1DEB921F08733DC00010E9CD /* Debug */,
				1DEB922008733DC00010E9CD /* Release */,
			);
			defaultConfigurationIsVisible = 0;
			defaultConfigurationName = Release;
		};
		1DEB922208733DC00010E9CD /* Build configuration list for PBXProject "JOOB Mobile" */ = {
			isa = XCConfigurationList;
			buildConfigurations = (
				1DEB922308733DC00010E9CD /* Debug */,
				1DEB922408733DC00010E9CD /* Release */,
			);
			defaultConfigurationIsVisible = 0;
			defaultConfigurationName = Release;
		};
		24416B8A11C4CA520047AFDD /* Build configuration list for PBXAggregateTarget "Build & Test" */ = {
			isa = XCConfigurationList;
			buildConfigurations = (
				24416B8211C4CA220047AFDD /* Debug */,
				24416B8311C4CA220047AFDD /* Release */,
			);
			defaultConfigurationIsVisible = 0;
			defaultConfigurationName = Release;
		};
/* End XCConfigurationList section */
	};
	rootObject = 0867D690FE84028FC02AAC07 /* Project object */;
}
